// !$*UTF8*$!
{
	archiveVersion = 1;
	classes = {
	};
	objectVersion = 56;
	objects = {

/* Begin PBXBuildFile section */
		68168D6A2900252900BD2109 /* AppDelegate.swift in Sources */ = {isa = PBXBuildFile; fileRef = 68168D692900252900BD2109 /* AppDelegate.swift */; };
		68168D6C2900252900BD2109 /* SceneDelegate.swift in Sources */ = {isa = PBXBuildFile; fileRef = 68168D6B2900252900BD2109 /* SceneDelegate.swift */; };
		68168D6E2900252900BD2109 /* ViewController.swift in Sources */ = {isa = PBXBuildFile; fileRef = 68168D6D2900252900BD2109 /* ViewController.swift */; };
		68168D712900252900BD2109 /* Main.storyboard in Resources */ = {isa = PBXBuildFile; fileRef = 68168D6F2900252900BD2109 /* Main.storyboard */; };
		68168D742900252900BD2109 /* movieList.xcdatamodeld in Sources */ = {isa = PBXBuildFile; fileRef = 68168D722900252900BD2109 /* movieList.xcdatamodeld */; };
		68168D762900252B00BD2109 /* Assets.xcassets in Resources */ = {isa = PBXBuildFile; fileRef = 68168D752900252B00BD2109 /* Assets.xcassets */; };
		68168D792900252B00BD2109 /* LaunchScreen.storyboard in Resources */ = {isa = PBXBuildFile; fileRef = 68168D772900252B00BD2109 /* LaunchScreen.storyboard */; };
		6848D8C92909681D00521C27 /* MovieScreen.swift in Sources */ = {isa = PBXBuildFile; fileRef = 6848D8C82909681D00521C27 /* MovieScreen.swift */; };
		689674512901773500F00923 /* CrazyCell.swift in Sources */ = {isa = PBXBuildFile; fileRef = 689674502901773500F00923 /* CrazyCell.swift */; };
		6896745329017F4E00F00923 /* MovieClass.swift in Sources */ = {isa = PBXBuildFile; fileRef = 6896745229017F4E00F00923 /* MovieClass.swift */; };
/* End PBXBuildFile section */

/* Begin PBXFileReference section */
		68168D662900252900BD2109 /* movieList.app */ = {isa = PBXFileReference; explicitFileType = wrapper.application; includeInIndex = 0; path = movieList.app; sourceTree = BUILT_PRODUCTS_DIR; };
		68168D692900252900BD2109 /* AppDelegate.swift */ = {isa = PBXFileReference; lastKnownFileType = sourcecode.swift; path = AppDelegate.swift; sourceTree = "<group>"; };
		68168D6B2900252900BD2109 /* SceneDelegate.swift */ = {isa = PBXFileReference; lastKnownFileType = sourcecode.swift; path = SceneDelegate.swift; sourceTree = "<group>"; };
		68168D6D2900252900BD2109 /* ViewController.swift */ = {isa = PBXFileReference; lastKnownFileType = sourcecode.swift; path = ViewController.swift; sourceTree = "<group>"; };
		68168D702900252900BD2109 /* Base */ = {isa = PBXFileReference; lastKnownFileType = file.storyboard; name = Base; path = Base.lproj/Main.storyboard; sourceTree = "<group>"; };
		68168D732900252900BD2109 /* movieList.xcdatamodel */ = {isa = PBXFileReference; lastKnownFileType = wrapper.xcdatamodel; path = movieList.xcdatamodel; sourceTree = "<group>"; };
		68168D752900252B00BD2109 /* Assets.xcassets */ = {isa = PBXFileReference; lastKnownFileType = folder.assetcatalog; path = Assets.xcassets; sourceTree = "<group>"; };
		68168D782900252B00BD2109 /* Base */ = {isa = PBXFileReference; lastKnownFileType = file.storyboard; name = Base; path = Base.lproj/LaunchScreen.storyboard; sourceTree = "<group>"; };
		68168D7A2900252B00BD2109 /* Info.plist */ = {isa = PBXFileReference; lastKnownFileType = text.plist.xml; path = Info.plist; sourceTree = "<group>"; };
		6848D8C82909681D00521C27 /* MovieScreen.swift */ = {isa = PBXFileReference; lastKnownFileType = sourcecode.swift; path = MovieScreen.swift; sourceTree = "<group>"; };
		689674502901773500F00923 /* CrazyCell.swift */ = {isa = PBXFileReference; lastKnownFileType = sourcecode.swift; path = CrazyCell.swift; sourceTree = "<group>"; };
		6896745229017F4E00F00923 /* MovieClass.swift */ = {isa = PBXFileReference; lastKnownFileType = sourcecode.swift; path = MovieClass.swift; sourceTree = "<group>"; };
/* End PBXFileReference section */

/* Begin PBXFrameworksBuildPhase section */
		68168D632900252900BD2109 /* Frameworks */ = {
			isa = PBXFrameworksBuildPhase;
			buildActionMask = 2147483647;
			files = (
			);
			runOnlyForDeploymentPostprocessing = 0;
		};
/* End PBXFrameworksBuildPhase section */

/* Begin PBXGroup section */
		68168D5D2900252900BD2109 = {
			isa = PBXGroup;
			children = (
				6848D8C82909681D00521C27 /* MovieScreen.swift */,
				68168D682900252900BD2109 /* movieList */,
				68168D672900252900BD2109 /* Products */,
			);
			sourceTree = "<group>";
		};
		68168D672900252900BD2109 /* Products */ = {
			isa = PBXGroup;
			children = (
				68168D662900252900BD2109 /* movieList.app */,
			);
			name = Products;
			sourceTree = "<group>";
		};
		68168D682900252900BD2109 /* movieList */ = {
			isa = PBXGroup;
			children = (
				68168D692900252900BD2109 /* AppDelegate.swift */,
				68168D6B2900252900BD2109 /* SceneDelegate.swift */,
				68168D6D2900252900BD2109 /* ViewController.swift */,
				68168D6F2900252900BD2109 /* Main.storyboard */,
				689674502901773500F00923 /* CrazyCell.swift */,
				6896745229017F4E00F00923 /* MovieClass.swift */,
				68168D752900252B00BD2109 /* Assets.xcassets */,
				68168D772900252B00BD2109 /* LaunchScreen.storyboard */,
				68168D7A2900252B00BD2109 /* Info.plist */,
				68168D722900252900BD2109 /* movieList.xcdatamodeld */,
			);
			path = movieList;
			sourceTree = "<group>";
		};
/* End PBXGroup section */

/* Begin PBXNativeTarget section */
		68168D652900252900BD2109 /* movieList */ = {
			isa = PBXNativeTarget;
			buildConfigurationList = 68168D7D2900252B00BD2109 /* Build configuration list for PBXNativeTarget "movieList" */;
			buildPhases = (
				68168D622900252900BD2109 /* Sources */,
				68168D632900252900BD2109 /* Frameworks */,
				68168D642900252900BD2109 /* Resources */,
			);
			buildRules = (
			);
			dependencies = (
			);
			name = movieList;
			productName = movieList;
			productReference = 68168D662900252900BD2109 /* movieList.app */;
			productType = "com.apple.product-type.application";
		};
/* End PBXNativeTarget section */

/* Begin PBXProject section */
		68168D5E2900252900BD2109 /* Project object */ = {
			isa = PBXProject;
			attributes = {
				BuildIndependentTargetsInParallel = 1;
				LastSwiftUpdateCheck = 1400;
				LastUpgradeCheck = 1400;
				TargetAttributes = {
					68168D652900252900BD2109 = {
						CreatedOnToolsVersion = 14.0.1;
					};
				};
			};
			buildConfigurationList = 68168D612900252900BD2109 /* Build configuration list for PBXProject "movieList" */;
			compatibilityVersion = "Xcode 14.0";
			developmentRegion = en;
			hasScannedForEncodings = 0;
			knownRegions = (
				en,
				Base,
			);
			mainGroup = 68168D5D2900252900BD2109;
			productRefGroup = 68168D672900252900BD2109 /* Products */;
			projectDirPath = "";
			projectRoot = "";
			targets = (
				68168D652900252900BD2109 /* movieList */,
			);
		};
/* End PBXProject section */

/* Begin PBXResourcesBuildPhase section */
		68168D642900252900BD2109 /* Resources */ = {
			isa = PBXResourcesBuildPhase;
			buildActionMask = 2147483647;
			files = (
				68168D792900252B00BD2109 /* LaunchScreen.storyboard in Resources */,
				68168D762900252B00BD2109 /* Assets.xcassets in Resources */,
				68168D712900252900BD2109 /* Main.storyboard in Resources */,
			);
			runOnlyForDeploymentPostprocessing = 0;
		};
/* End PBXResourcesBuildPhase section */

/* Begin PBXSourcesBuildPhase section */
		68168D622900252900BD2109 /* Sources */ = {
			isa = PBXSourcesBuildPhase;
			buildActionMask = 2147483647;
			files = (
				689674512901773500F00923 /* CrazyCell.swift in Sources */,
				6896745329017F4E00F00923 /* MovieClass.swift in Sources */,
				68168D6E2900252900BD2109 /* ViewController.swift in Sources */,
				6848D8C92909681D00521C27 /* MovieScreen.swift in Sources */,
				68168D6A2900252900BD2109 /* AppDelegate.swift in Sources */,
				68168D742900252900BD2109 /* movieList.xcdatamodeld in Sources */,
				68168D6C2900252900BD2109 /* SceneDelegate.swift in Sources */,
			);
			runOnlyForDeploymentPostprocessing = 0;
		};
/* End PBXSourcesBuildPhase section */

/* Begin PBXVariantGroup section */
		68168D6F2900252900BD2109 /* Main.storyboard */ = {
			isa = PBXVariantGroup;
			children = (
				68168D702900252900BD2109 /* Base */,
			);
			name = Main.storyboard;
			sourceTree = "<group>";
		};
		68168D772900252B00BD2109 /* LaunchScreen.storyboard */ = {
			isa = PBXVariantGroup;
			children = (
				68168D782900252B00BD2109 /* Base */,
			);
			name = LaunchScreen.storyboard;
			sourceTree = "<group>";
		};
/* End PBXVariantGroup section */

/* Begin XCBuildConfiguration section */
		68168D7B2900252B00BD2109 /* Debug */ = {
			isa = XCBuildConfiguration;
			buildSettings = {
				ALWAYS_SEARCH_USER_PATHS = NO;
				CLANG_ANALYZER_NONNULL = YES;
				CLANG_ANALYZER_NUMBER_OBJECT_CONVERSION = YES_AGGRESSIVE;
				CLANG_CXX_LANGUAGE_STANDARD = "gnu++20";
				CLANG_ENABLE_MODULES = YES;
				CLANG_ENABLE_OBJC_ARC = YES;
				CLANG_ENABLE_OBJC_WEAK = YES;
				CLANG_WARN_BLOCK_CAPTURE_AUTORELEASING = YES;
				CLANG_WARN_BOOL_CONVERSION = YES;
				CLANG_WARN_COMMA = YES;
				CLANG_WARN_CONSTANT_CONVERSION = YES;
				CLANG_WARN_DEPRECATED_OBJC_IMPLEMENTATIONS = YES;
				CLANG_WARN_DIRECT_OBJC_ISA_USAGE = YES_ERROR;
				CLANG_WARN_DOCUMENTATION_COMMENTS = YES;
				CLANG_WARN_EMPTY_BODY = YES;
				CLANG_WARN_ENUM_CONVERSION = YES;
				CLANG_WARN_INFINITE_RECURSION = YES;
				CLANG_WARN_INT_CONVERSION = YES;
				CLANG_WARN_NON_LITERAL_NULL_CONVERSION = YES;
				CLANG_WARN_OBJC_IMPLICIT_RETAIN_SELF = YES;
				CLANG_WARN_OBJC_LITERAL_CONVERSION = YES;
				CLANG_WARN_OBJC_ROOT_CLASS = YES_ERROR;
				CLANG_WARN_QUOTED_INCLUDE_IN_FRAMEWORK_HEADER = YES;
				CLANG_WARN_RANGE_LOOP_ANALYSIS = YES;
				CLANG_WARN_STRICT_PROTOTYPES = YES;
				CLANG_WARN_SUSPICIOUS_MOVE = YES;
				CLANG_WARN_UNGUARDED_AVAILABILITY = YES_AGGRESSIVE;
				CLANG_WARN_UNREACHABLE_CODE = YES;
				CLANG_WARN__DUPLICATE_METHOD_MATCH = YES;
				COPY_PHASE_STRIP = NO;
				DEBUG_INFORMATION_FORMAT = dwarf;
				ENABLE_STRICT_OBJC_MSGSEND = YES;
				ENABLE_TESTABILITY = YES;
				GCC_C_LANGUAGE_STANDARD = gnu11;
				GCC_DYNAMIC_NO_PIC = NO;
				GCC_NO_COMMON_BLOCKS = YES;
				GCC_OPTIMIZATION_LEVEL = 0;
				GCC_PREPROCESSOR_DEFINITIONS = (
					"DEBUG=1",
					"$(inherited)",
				);
				GCC_WARN_64_TO_32_BIT_CONVERSION = YES;
				GCC_WARN_ABOUT_RETURN_TYPE = YES_ERROR;
				GCC_WARN_UNDECLARED_SELECTOR = YES;
				GCC_WARN_UNINITIALIZED_AUTOS = YES_AGGRESSIVE;
				GCC_WARN_UNUSED_FUNCTION = YES;
				GCC_WARN_UNUSED_VARIABLE = YES;
				IPHONEOS_DEPLOYMENT_TARGET = 16.0;
				MTL_ENABLE_DEBUG_INFO = INCLUDE_SOURCE;
				MTL_FAST_MATH = YES;
				ONLY_ACTIVE_ARCH = YES;
				SDKROOT = iphoneos;
				SWIFT_ACTIVE_COMPILATION_CONDITIONS = DEBUG;
				SWIFT_OPTIMIZATION_LEVEL = "-Onone";
			};
			name = Debug;
		};
		68168D7C2900252B00BD2109 /* Release */ = {
			isa = XCBuildConfiguration;
			buildSettings = {
				ALWAYS_SEARCH_USER_PATHS = NO;
				CLANG_ANALYZER_NONNULL = YES;
				CLANG_ANALYZER_NUMBER_OBJECT_CONVERSION = YES_AGGRESSIVE;
				CLANG_CXX_LANGUAGE_STANDARD = "gnu++20";
				CLANG_ENABLE_MODULES = YES;
				CLANG_ENABLE_OBJC_ARC = YES;
				CLANG_ENABLE_OBJC_WEAK = YES;
				CLANG_WARN_BLOCK_CAPTURE_AUTORELEASING = YES;
				CLANG_WARN_BOOL_CONVERSION = YES;
				CLANG_WARN_COMMA = YES;
				CLANG_WARN_CONSTANT_CONVERSION = YES;
				CLANG_WARN_DEPRECATED_OBJC_IMPLEMENTATIONS = YES;
				CLANG_WARN_DIRECT_OBJC_ISA_USAGE = YES_ERROR;
				CLANG_WARN_DOCUMENTATION_COMMENTS = YES;
				CLANG_WARN_EMPTY_BODY = YES;
				CLANG_WARN_ENUM_CONVERSION = YES;
				CLANG_WARN_INFINITE_RECURSION = YES;
				CLANG_WARN_INT_CONVERSION = YES;
				CLANG_WARN_NON_LITERAL_NULL_CONVERSION = YES;
				CLANG_WARN_OBJC_IMPLICIT_RETAIN_SELF = YES;
				CLANG_WARN_OBJC_LITERAL_CONVERSION = YES;
				CLANG_WARN_OBJC_ROOT_CLASS = YES_ERROR;
				CLANG_WARN_QUOTED_INCLUDE_IN_FRAMEWORK_HEADER = YES;
				CLANG_WARN_RANGE_LOOP_ANALYSIS = YES;
				CLANG_WARN_STRICT_PROTOTYPES = YES;
				CLANG_WARN_SUSPICIOUS_MOVE = YES;
				CLANG_WARN_UNGUARDED_AVAILABILITY = YES_AGGRESSIVE;
				CLANG_WARN_UNREACHABLE_CODE = YES;
				CLANG_WARN__DUPLICATE_METHOD_MATCH = YES;
				COPY_PHASE_STRIP = NO;
				DEBUG_INFORMATION_FORMAT = "dwarf-with-dsym";
				ENABLE_NS_ASSERTIONS = NO;
				ENABLE_STRICT_OBJC_MSGSEND = YES;
				GCC_C_LANGUAGE_STANDARD = gnu11;
				GCC_NO_COMMON_BLOCKS = YES;
				GCC_WARN_64_TO_32_BIT_CONVERSION = YES;
				GCC_WARN_ABOUT_RETURN_TYPE = YES_ERROR;
				GCC_WARN_UNDECLARED_SELECTOR = YES;
				GCC_WARN_UNINITIALIZED_AUTOS = YES_AGGRESSIVE;
				GCC_WARN_UNUSED_FUNCTION = YES;
				GCC_WARN_UNUSED_VARIABLE = YES;
				IPHONEOS_DEPLOYMENT_TARGET = 16.0;
				MTL_ENABLE_DEBUG_INFO = NO;
				MTL_FAST_MATH = YES;
				SDKROOT = iphoneos;
				SWIFT_COMPILATION_MODE = wholemodule;
				SWIFT_OPTIMIZATION_LEVEL = "-O";
				VALIDATE_PRODUCT = YES;
			};
			name = Release;
		};
		68168D7E2900252B00BD2109 /* Debug */ = {
			isa = XCBuildConfiguration;
			buildSettings = {
				ASSETCATALOG_COMPILER_APPICON_NAME = AppIcon;
				ASSETCATALOG_COMPILER_GLOBAL_ACCENT_COLOR_NAME = AccentColor;
				CODE_SIGN_STYLE = Automatic;
				CURRENT_PROJECT_VERSION = 1;
				DEVELOPMENT_TEAM = 6798876T3G;
				GENERATE_INFOPLIST_FILE = YES;
				INFOPLIST_FILE = movieList/Info.plist;
				INFOPLIST_KEY_UIApplicationSupportsIndirectInputEvents = YES;
				INFOPLIST_KEY_UILaunchStoryboardName = LaunchScreen;
				INFOPLIST_KEY_UIMainStoryboardFile = Main;
				INFOPLIST_KEY_UISupportedInterfaceOrientations_iPad = "UIInterfaceOrientationPortrait UIInterfaceOrientationPortraitUpsideDown UIInterfaceOrientationLandscapeLeft UIInterfaceOrientationLandscapeRight";
				INFOPLIST_KEY_UISupportedInterfaceOrientations_iPhone = "UIInterfaceOrientationPortrait UIInterfaceOrientationLandscapeLeft UIInterfaceOrientationLandscapeRight";
				LD_RUNPATH_SEARCH_PATHS = (
					"$(inherited)",
					"@executable_path/Frameworks",
				);
				MARKETING_VERSION = 1.0;
				PRODUCT_BUNDLE_IDENTIFIER = clc.movieList;
				PRODUCT_NAME = "$(TARGET_NAME)";
				SWIFT_EMIT_LOC_STRINGS = YES;
				SWIFT_VERSION = 5.0;
				TARGETED_DEVICE_FAMILY = "1,2";
			};
			name = Debug;
		};
		68168D7F2900252B00BD2109 /* Release */ = {
			isa = XCBuildConfiguration;
			buildSettings = {
				ASSETCATALOG_COMPILER_APPICON_NAME = AppIcon;
				ASSETCATALOG_COMPILER_GLOBAL_ACCENT_COLOR_NAME = AccentColor;
				CODE_SIGN_STYLE = Automatic;
				CURRENT_PROJECT_VERSION = 1;
				DEVELOPMENT_TEAM = 6798876T3G;
				GENERATE_INFOPLIST_FILE = YES;
				INFOPLIST_FILE = movieList/Info.plist;
				INFOPLIST_KEY_UIApplicationSupportsIndirectInputEvents = YES;
				INFOPLIST_KEY_UILaunchStoryboardName = LaunchScreen;
				INFOPLIST_KEY_UIMainStoryboardFile = Main;
				INFOPLIST_KEY_UISupportedInterfaceOrientations_iPad = "UIInterfaceOrientationPortrait UIInterfaceOrientationPortraitUpsideDown UIInterfaceOrientationLandscapeLeft UIInterfaceOrientationLandscapeRight";
				INFOPLIST_KEY_UISupportedInterfaceOrientations_iPhone = "UIInterfaceOrientationPortrait UIInterfaceOrientationLandscapeLeft UIInterfaceOrientationLandscapeRight";
				LD_RUNPATH_SEARCH_PATHS = (
					"$(inherited)",
					"@executable_path/Frameworks",
				);
				MARKETING_VERSION = 1.0;
				PRODUCT_BUNDLE_IDENTIFIER = clc.movieList;
				PRODUCT_NAME = "$(TARGET_NAME)";
				SWIFT_EMIT_LOC_STRINGS = YES;
				SWIFT_VERSION = 5.0;
				TARGETED_DEVICE_FAMILY = "1,2";
			};
			name = Release;
		};
/* End XCBuildConfiguration section */

/* Begin XCConfigurationList section */
		68168D612900252900BD2109 /* Build configuration list for PBXProject "movieList" */ = {
			isa = XCConfigurationList;
			buildConfigurations = (
				68168D7B2900252B00BD2109 /* Debug */,
				68168D7C2900252B00BD2109 /* Release */,
			);
			defaultConfigurationIsVisible = 0;
			defaultConfigurationName = Release;
		};
		68168D7D2900252B00BD2109 /* Build configuration list for PBXNativeTarget "movieList" */ = {
			isa = XCConfigurationList;
			buildConfigurations = (
				68168D7E2900252B00BD2109 /* Debug */,
				68168D7F2900252B00BD2109 /* Release */,
			);
			defaultConfigurationIsVisible = 0;
			defaultConfigurationName = Release;
		};
/* End XCConfigurationList section */

/* Begin XCVersionGroup section */
		68168D722900252900BD2109 /* movieList.xcdatamodeld */ = {
			isa = XCVersionGroup;
			children = (
				68168D732900252900BD2109 /* movieList.xcdatamodel */,
			);
			currentVersion = 68168D732900252900BD2109 /* movieList.xcdatamodel */;
			path = movieList.xcdatamodeld;
			sourceTree = "<group>";
			versionGroupType = wrapper.xcdatamodel;
		};
/* End XCVersionGroup section */
	};
	rootObject = 68168D5E2900252900BD2109 /* Project object */;
}
